
Microsoft Visual Studio Solution File, Format Version 12.00
# Visual Studio 14
VisualStudioVersion = 14.0.25420.1
MinimumVisualStudioVersion = 10.0.40219.1
Project("{2150E333-8FDC-42A3-9474-1A3956D46DE8}") = "1-Interfaces", "1-Interfaces", "{0241BD87-336C-41BD-84FB-088813145DF9}"
EndProject
Project("{2150E333-8FDC-42A3-9474-1A3956D46DE8}") = "Web", "Web", "{7A2634B2-F635-4C61-B1BB-FD98FB0E54B4}"
EndProject
Project("{2150E333-8FDC-42A3-9474-1A3956D46DE8}") = "2-Services", "2-Services", "{2664541D-0602-4633-8560-38CB9AE56D85}"
EndProject
Project("{2150E333-8FDC-42A3-9474-1A3956D46DE8}") = "3-Business", "3-Business", "{4513A905-B2F5-4E62-BCDA-A0C7DA978A53}"
EndProject
Project("{2150E333-8FDC-42A3-9474-1A3956D46DE8}") = "4-Infrastructure", "4-Infrastructure", "{ED1FC2CD-3C5D-484D-98E1-25F761EECFCF}"
EndProject
Project("{2150E333-8FDC-42A3-9474-1A3956D46DE8}") = "5-Test", "5-Test", "{B89C52E5-8BB6-49DA-83BD-EFEFC9F49C55}"
EndProject
Project("{2150E333-8FDC-42A3-9474-1A3956D46DE8}") = "Dto", "Dto", "{199A7E9A-0E19-43F2-B604-22D23EA1A067}"
EndProject
Project("{2150E333-8FDC-42A3-9474-1A3956D46DE8}") = "Facade", "Facade", "{C4B3C6F9-2294-4955-A681-EA6BC6AD6368}"
EndProject
Project("{2150E333-8FDC-42A3-9474-1A3956D46DE8}") = "Operations", "Operations", "{470A5790-6776-4CAE-9BF1-E97E8E40CD02}"
EndProject
Project("{2150E333-8FDC-42A3-9474-1A3956D46DE8}") = "Reports", "Reports", "{5E404375-1844-4AF4-B92B-BDBE5C75D036}"
EndProject
Project("{2150E333-8FDC-42A3-9474-1A3956D46DE8}") = "Core", "Core", "{56897527-7735-4AE3-85F4-C196D7DBE5DF}"
EndProject
Project("{2150E333-8FDC-42A3-9474-1A3956D46DE8}") = "Dao", "Dao", "{0CD79054-00E7-45B3-8318-DCD404343206}"
EndProject
Project("{2150E333-8FDC-42A3-9474-1A3956D46DE8}") = "Mobile", "Mobile", "{17DC7E4B-8176-4F6C-B322-52314A571439}"
EndProject
Project("{2150E333-8FDC-42A3-9474-1A3956D46DE8}") = "Windows", "Windows", "{3C45725E-21F2-43BA-A28B-71232BD4DBD6}"
EndProject
Project("{FAE04EC0-301F-11D3-BF4B-00C04F79EFBC}") = "SiteAdmin.Business.Dto", "SiteAdmin.Business.Dto\SiteAdmin.Business.Dto.csproj", "{77CF997E-E425-4158-9A43-911B844F530C}"
EndProject
Project("{FAE04EC0-301F-11D3-BF4B-00C04F79EFBC}") = "SiteAdmin.Business.Facade", "SiteAdmin.Business.Facade\SiteAdmin.Business.Facade.csproj", "{878D9589-3B5F-45F7-B25E-111B246DA2FC}"
EndProject
Project("{FAE04EC0-301F-11D3-BF4B-00C04F79EFBC}") = "SiteAdmin.Business.Operations", "SiteAdmin.Business.Operations\SiteAdmin.Business.Operations.csproj", "{169D1725-112E-4593-83CE-038262F9F6EA}"
EndProject
Project("{FAE04EC0-301F-11D3-BF4B-00C04F79EFBC}") = "SiteAdmin.Infrastructure.Core", "SiteAdmin.Infrastructure.Core\SiteAdmin.Infrastructure.Core.csproj", "{D364CDDA-37EE-42F8-AFED-B7F86DA37CB5}"
EndProject
Project("{FAE04EC0-301F-11D3-BF4B-00C04F79EFBC}") = "SiteAdmin.Infrastructure.Dao", "SiteAdmin.Infrastructure.Dao\SiteAdmin.Infrastructure.Dao.csproj", "{FF250101-9621-479C-BC4A-FE35C3FD71C3}"
EndProject
Project("{FAE04EC0-301F-11D3-BF4B-00C04F79EFBC}") = "SiteAdmin.Interfaces.Web", "Site.Admin.Interfaces.Web\SiteAdmin.Interfaces.Web.csproj", "{DD4BFE2B-A9D2-40C7-B2BD-DB3E9E2198A8}"
EndProject
Global
	GlobalSection(SolutionConfigurationPlatforms) = preSolution
		Debug|Any CPU = Debug|Any CPU
		Release|Any CPU = Release|Any CPU
	EndGlobalSection
	GlobalSection(ProjectConfigurationPlatforms) = postSolution
		{77CF997E-E425-4158-9A43-911B844F530C}.Debug|Any CPU.ActiveCfg = Debug|Any CPU
		{77CF997E-E425-4158-9A43-911B844F530C}.Debug|Any CPU.Build.0 = Debug|Any CPU
		{77CF997E-E425-4158-9A43-911B844F530C}.Release|Any CPU.ActiveCfg = Release|Any CPU
		{77CF997E-E425-4158-9A43-911B844F530C}.Release|Any CPU.Build.0 = Release|Any CPU
		{878D9589-3B5F-45F7-B25E-111B246DA2FC}.Debug|Any CPU.ActiveCfg = Debug|Any CPU
		{878D9589-3B5F-45F7-B25E-111B246DA2FC}.Debug|Any CPU.Build.0 = Debug|Any CPU
		{878D9589-3B5F-45F7-B25E-111B246DA2FC}.Release|Any CPU.ActiveCfg = Release|Any CPU
		{878D9589-3B5F-45F7-B25E-111B246DA2FC}.Release|Any CPU.Build.0 = Release|Any CPU
		{169D1725-112E-4593-83CE-038262F9F6EA}.Debug|Any CPU.ActiveCfg = Debug|Any CPU
		{169D1725-112E-4593-83CE-038262F9F6EA}.Debug|Any CPU.Build.0 = Debug|Any CPU
		{169D1725-112E-4593-83CE-038262F9F6EA}.Release|Any CPU.ActiveCfg = Release|Any CPU
		{169D1725-112E-4593-83CE-038262F9F6EA}.Release|Any CPU.Build.0 = Release|Any CPU
		{D364CDDA-37EE-42F8-AFED-B7F86DA37CB5}.Debug|Any CPU.ActiveCfg = Debug|Any CPU
		{D364CDDA-37EE-42F8-AFED-B7F86DA37CB5}.Debug|Any CPU.Build.0 = Debug|Any CPU
		{D364CDDA-37EE-42F8-AFED-B7F86DA37CB5}.Release|Any CPU.ActiveCfg = Release|Any CPU
		{D364CDDA-37EE-42F8-AFED-B7F86DA37CB5}.Release|Any CPU.Build.0 = Release|Any CPU
		{FF250101-9621-479C-BC4A-FE35C3FD71C3}.Debug|Any CPU.ActiveCfg = Debug|Any CPU
		{FF250101-9621-479C-BC4A-FE35C3FD71C3}.Debug|Any CPU.Build.0 = Debug|Any CPU
		{FF250101-9621-479C-BC4A-FE35C3FD71C3}.Release|Any CPU.ActiveCfg = Release|Any CPU
		{FF250101-9621-479C-BC4A-FE35C3FD71C3}.Release|Any CPU.Build.0 = Release|Any CPU
		{DD4BFE2B-A9D2-40C7-B2BD-DB3E9E2198A8}.Debug|Any CPU.ActiveCfg = Debug|Any CPU
		{DD4BFE2B-A9D2-40C7-B2BD-DB3E9E2198A8}.Debug|Any CPU.Build.0 = Debug|Any CPU
		{DD4BFE2B-A9D2-40C7-B2BD-DB3E9E2198A8}.Release|Any CPU.ActiveCfg = Release|Any CPU
		{DD4BFE2B-A9D2-40C7-B2BD-DB3E9E2198A8}.Release|Any CPU.Build.0 = Release|Any CPU
	EndGlobalSection
	GlobalSection(SolutionProperties) = preSolution
		HideSolutionNode = FALSE
	EndGlobalSection
	GlobalSection(NestedProjects) = preSolution
		{7A2634B2-F635-4C61-B1BB-FD98FB0E54B4} = {0241BD87-336C-41BD-84FB-088813145DF9}
		{199A7E9A-0E19-43F2-B604-22D23EA1A067} = {4513A905-B2F5-4E62-BCDA-A0C7DA978A53}
		{C4B3C6F9-2294-4955-A681-EA6BC6AD6368} = {4513A905-B2F5-4E62-BCDA-A0C7DA978A53}
		{470A5790-6776-4CAE-9BF1-E97E8E40CD02} = {4513A905-B2F5-4E62-BCDA-A0C7DA978A53}
		{5E404375-1844-4AF4-B92B-BDBE5C75D036} = {4513A905-B2F5-4E62-BCDA-A0C7DA978A53}
		{56897527-7735-4AE3-85F4-C196D7DBE5DF} = {ED1FC2CD-3C5D-484D-98E1-25F761EECFCF}
		{0CD79054-00E7-45B3-8318-DCD404343206} = {ED1FC2CD-3C5D-484D-98E1-25F761EECFCF}
		{17DC7E4B-8176-4F6C-B322-52314A571439} = {2664541D-0602-4633-8560-38CB9AE56D85}
		{3C45725E-21F2-43BA-A28B-71232BD4DBD6} = {2664541D-0602-4633-8560-38CB9AE56D85}
		{77CF997E-E425-4158-9A43-911B844F530C} = {199A7E9A-0E19-43F2-B604-22D23EA1A067}
		{878D9589-3B5F-45F7-B25E-111B246DA2FC} = {C4B3C6F9-2294-4955-A681-EA6BC6AD6368}
		{169D1725-112E-4593-83CE-038262F9F6EA} = {470A5790-6776-4CAE-9BF1-E97E8E40CD02}
		{D364CDDA-37EE-42F8-AFED-B7F86DA37CB5} = {56897527-7735-4AE3-85F4-C196D7DBE5DF}
		{FF250101-9621-479C-BC4A-FE35C3FD71C3} = {0CD79054-00E7-45B3-8318-DCD404343206}
		{DD4BFE2B-A9D2-40C7-B2BD-DB3E9E2198A8} = {7A2634B2-F635-4C61-B1BB-FD98FB0E54B4}
	EndGlobalSection
EndGlobal
